{
  "name": "code-edu",
  "lockfileVersion": 3,
  "requires": true,
  "packages": {
    "": {
      "dependencies": {
        "framework7-svelte": "^8.3.4"
      }
    },
    "node_modules/framework7-svelte": {
      "version": "8.3.4",
      "resolved": "https://registry.npmjs.org/framework7-svelte/-/framework7-svelte-8.3.4.tgz",
      "integrity": "sha512-hoK9xzS7+5EWj+X/1Y5FTJDD7ylBf8t+wV/NeuHYtJDW9KDryaWiwR1upOD1mrLEFpwyxmTvrLFDOkLwa/k/0A==",
      "license": "MIT",
      "funding": {
        "type": "patreon",
        "url": "https://www.patreon.com/framework7"
      }
    }
  }
}
